
Microsoft Visual Studio Solution File, Format Version 12.00
# Visual Studio Version 17
VisualStudioVersion = 17.14.36429.23 d17.14
MinimumVisualStudioVersion = 10.0.40219.1
Project("{FAE04EC0-301F-11D3-BF4B-00C04F79EFBC}") = "ConsoleApp2", "ConsoleApp2\ConsoleApp2.csproj", "{A162C9DB-B571-448E-BDE1-F4B154F9CEC1}"
EndProject
Global
	GlobalSection(SolutionConfigurationPlatforms) = preSolution
		Debug|Any CPU = Debug|Any CPU
		Release|Any CPU = Release|Any CPU
	EndGlobalSection
	GlobalSection(ProjectConfigurationPlatforms) = postSolution
		{A162C9DB-B571-448E-BDE1-F4B154F9CEC1}.Debug|Any CPU.ActiveCfg = Debug|Any CPU
		{A162C9DB-B571-448E-BDE1-F4B154F9CEC1}.Debug|Any CPU.Build.0 = Debug|Any CPU
		{A162C9DB-B571-448E-BDE1-F4B154F9CEC1}.Release|Any CPU.ActiveCfg = Release|Any CPU
		{A162C9DB-B571-448E-BDE1-F4B154F9CEC1}.Release|Any CPU.Build.0 = Release|Any CPU
	EndGlobalSection
	GlobalSection(SolutionProperties) = preSolution
		HideSolutionNode = FALSE
	EndGlobalSection
	GlobalSection(ExtensibilityGlobals) = postSolution
		SolutionGuid = {B956B48E-EADB-443B-9EF5-B2F5B892B7E7}
	EndGlobalSection
EndGlobal
