
Microsoft Visual Studio Solution File, Format Version 12.00
# Visual Studio Version 17
VisualStudioVersion = 17.14.37614.0 d17.14
MinimumVisualStudioVersion = 10.0.40219.1
Project("{FAE04EC0-301F-11D3-BF4B-00C04F79EFBC}") = "Алгоритъм", "Алгоритъм.csproj", "{A553DEC2-3271-494D-AED0-E3E2811ECDB7}"
EndProject
Global
	GlobalSection(SolutionConfigurationPlatforms) = preSolution
		Debug|Any CPU = Debug|Any CPU
		Release|Any CPU = Release|Any CPU
	EndGlobalSection
	GlobalSection(ProjectConfigurationPlatforms) = postSolution
		{A553DEC2-3271-494D-AED0-E3E2811ECDB7}.Debug|Any CPU.ActiveCfg = Debug|Any CPU
		{A553DEC2-3271-494D-AED0-E3E2811ECDB7}.Debug|Any CPU.Build.0 = Debug|Any CPU
		{A553DEC2-3271-494D-AED0-E3E2811ECDB7}.Release|Any CPU.ActiveCfg = Release|Any CPU
		{A553DEC2-3271-494D-AED0-E3E2811ECDB7}.Release|Any CPU.Build.0 = Release|Any CPU
	EndGlobalSection
	GlobalSection(SolutionProperties) = preSolution
		HideSolutionNode = FALSE
	EndGlobalSection
	GlobalSection(ExtensibilityGlobals) = postSolution
		SolutionGuid = {96062ED4-AB78-42C1-BA70-F4F8E0019873}
	EndGlobalSection
EndGlobal
